
Microsoft Visual Studio Solution File, Format Version 12.00
Project("{FAE04EC0-301F-11D3-BF4B-00C04F79EFBC}") = "FakeDataGenerator", "FakeDataGenerator.csproj", "{0BF6D7D6-5AA3-46A8-A97A-A905E1542B14}"
EndProject
Global
	GlobalSection(SolutionConfigurationPlatforms) = preSolution
		Debug|Any CPU = Debug|Any CPU
		Release|Any CPU = Release|Any CPU
	EndGlobalSection
	GlobalSection(ProjectConfigurationPlatforms) = postSolution
		{0BF6D7D6-5AA3-46A8-A97A-A905E1542B14}.Debug|Any CPU.ActiveCfg = Debug|Any CPU
		{0BF6D7D6-5AA3-46A8-A97A-A905E1542B14}.Debug|Any CPU.Build.0 = Debug|Any CPU
		{0BF6D7D6-5AA3-46A8-A97A-A905E1542B14}.Release|Any CPU.ActiveCfg = Release|Any CPU
		{0BF6D7D6-5AA3-46A8-A97A-A905E1542B14}.Release|Any CPU.Build.0 = Release|Any CPU
	EndGlobalSection
EndGlobal
